
Microsoft Visual Studio Solution File, Format Version 12.00
# Visual Studio Version 17
VisualStudioVersion = 17.11.35327.3
MinimumVisualStudioVersion = 10.0.40219.1
Project("{FAE04EC0-301F-11D3-BF4B-00C04F79EFBC}") = "LoginDemoForApp", "LoginDemoForApp\LoginDemoForApp.csproj", "{6A251C47-2302-481E-B229-7A2BF8DC30E6}"
EndProject
Global
	GlobalSection(SolutionConfigurationPlatforms) = preSolution
		Debug|Any CPU = Debug|Any CPU
		Release|Any CPU = Release|Any CPU
	EndGlobalSection
	GlobalSection(ProjectConfigurationPlatforms) = postSolution
		{6A251C47-2302-481E-B229-7A2BF8DC30E6}.Debug|Any CPU.ActiveCfg = Debug|Any CPU
		{6A251C47-2302-481E-B229-7A2BF8DC30E6}.Debug|Any CPU.Build.0 = Debug|Any CPU
		{6A251C47-2302-481E-B229-7A2BF8DC30E6}.Release|Any CPU.ActiveCfg = Release|Any CPU
		{6A251C47-2302-481E-B229-7A2BF8DC30E6}.Release|Any CPU.Build.0 = Release|Any CPU
	EndGlobalSection
	GlobalSection(SolutionProperties) = preSolution
		HideSolutionNode = FALSE
	EndGlobalSection
	GlobalSection(ExtensibilityGlobals) = postSolution
		SolutionGuid = {75007FD5-0E0A-47C3-B2B1-D6863C37063E}
	EndGlobalSection
EndGlobal
